
Microsoft Visual Studio Solution File, Format Version 12.00
# Visual Studio Version 16
VisualStudioVersion = 16.0.29728.190
MinimumVisualStudioVersion = 10.0.40219.1
Project("{9A19103F-16F7-4668-BE54-9A1E7A4F7556}") = "CosmosNetCoreSqlApi", "CosmosNetCoreSqlApi\CosmosNetCoreSqlApi.csproj", "{65B55A1F-54E1-4AB6-A178-C4085A6600F1}"
EndProject
Global
	GlobalSection(SolutionConfigurationPlatforms) = preSolution
		Debug|Any CPU = Debug|Any CPU
		Release|Any CPU = Release|Any CPU
	EndGlobalSection
	GlobalSection(ProjectConfigurationPlatforms) = postSolution
		{65B55A1F-54E1-4AB6-A178-C4085A6600F1}.Debug|Any CPU.ActiveCfg = Debug|Any CPU
		{65B55A1F-54E1-4AB6-A178-C4085A6600F1}.Debug|Any CPU.Build.0 = Debug|Any CPU
		{65B55A1F-54E1-4AB6-A178-C4085A6600F1}.Release|Any CPU.ActiveCfg = Release|Any CPU
		{65B55A1F-54E1-4AB6-A178-C4085A6600F1}.Release|Any CPU.Build.0 = Release|Any CPU
	EndGlobalSection
	GlobalSection(SolutionProperties) = preSolution
		HideSolutionNode = FALSE
	EndGlobalSection
	GlobalSection(ExtensibilityGlobals) = postSolution
		SolutionGuid = {7A604DF3-39A9-4263-B3E1-2E435CD9438B}
	EndGlobalSection
EndGlobal
